
Microsoft Visual Studio Solution File, Format Version 12.00
# Visual Studio Version 17
VisualStudioVersion = 17.14.36202.13 d17.14
MinimumVisualStudioVersion = 10.0.40219.1
Project("{FAE04EC0-301F-11D3-BF4B-00C04F79EFBC}") = "Otus.IntraProccessIteraction", "Otus.IntraProccessIteraction\Otus.IntraProccessIteraction.csproj", "{BB2C8A71-FB11-40BC-AADA-BD3BE483579A}"
EndProject
Global
	GlobalSection(SolutionConfigurationPlatforms) = preSolution
		Debug|Any CPU = Debug|Any CPU
		Release|Any CPU = Release|Any CPU
	EndGlobalSection
	GlobalSection(ProjectConfigurationPlatforms) = postSolution
		{BB2C8A71-FB11-40BC-AADA-BD3BE483579A}.Debug|Any CPU.ActiveCfg = Debug|Any CPU
		{BB2C8A71-FB11-40BC-AADA-BD3BE483579A}.Debug|Any CPU.Build.0 = Debug|Any CPU
		{BB2C8A71-FB11-40BC-AADA-BD3BE483579A}.Release|Any CPU.ActiveCfg = Release|Any CPU
		{BB2C8A71-FB11-40BC-AADA-BD3BE483579A}.Release|Any CPU.Build.0 = Release|Any CPU
	EndGlobalSection
	GlobalSection(SolutionProperties) = preSolution
		HideSolutionNode = FALSE
	EndGlobalSection
	GlobalSection(ExtensibilityGlobals) = postSolution
		SolutionGuid = {AA4D869B-04A7-4DB9-84B3-451000412944}
	EndGlobalSection
EndGlobal
